
Microsoft Visual Studio Solution File, Format Version 12.00
# Visual Studio Version 17
VisualStudioVersion = 17.0.31919.166
MinimumVisualStudioVersion = 10.0.40219.1
Project("{FAE04EC0-301F-11D3-BF4B-00C04F79EFBC}") = "IBA_TestTask", "IBA_TestTask\IBA_TestTask.csproj", "{7D1F427A-4D35-497F-83A7-AB8ED245C113}"
EndProject
Global
	GlobalSection(SolutionConfigurationPlatforms) = preSolution
		Debug|Any CPU = Debug|Any CPU
		Release|Any CPU = Release|Any CPU
	EndGlobalSection
	GlobalSection(ProjectConfigurationPlatforms) = postSolution
		{7D1F427A-4D35-497F-83A7-AB8ED245C113}.Debug|Any CPU.ActiveCfg = Debug|Any CPU
		{7D1F427A-4D35-497F-83A7-AB8ED245C113}.Debug|Any CPU.Build.0 = Debug|Any CPU
		{7D1F427A-4D35-497F-83A7-AB8ED245C113}.Release|Any CPU.ActiveCfg = Release|Any CPU
		{7D1F427A-4D35-497F-83A7-AB8ED245C113}.Release|Any CPU.Build.0 = Release|Any CPU
	EndGlobalSection
	GlobalSection(SolutionProperties) = preSolution
		HideSolutionNode = FALSE
	EndGlobalSection
	GlobalSection(ExtensibilityGlobals) = postSolution
		SolutionGuid = {EDC7CFF9-5235-4FBA-8E5C-1113F7BC1F5E}
	EndGlobalSection
EndGlobal
